// !$*UTF8*$!
{
	archiveVersion = 1;
	classes = {
	};
	objectVersion = 46;
	objects = {

/* Begin PBXBuildFile section */
		192EF5E21ECDCEDD00743201 /* AVGTabBarController.m in Sources */ = {isa = PBXBuildFile; fileRef = 192EF5E11ECDCEDD00743201 /* AVGTabBarController.m */; };
		192EF5E71ECDD5FB00743201 /* UIView+MKAnnotationView.m in Sources */ = {isa = PBXBuildFile; fileRef = 192EF5E61ECDD5FB00743201 /* UIView+MKAnnotationView.m */; };
		1933AF6D1EC4703D008001E4 /* main.m in Sources */ = {isa = PBXBuildFile; fileRef = 1933AF6C1EC4703D008001E4 /* main.m */; };
		1933AF701EC4703D008001E4 /* AppDelegate.m in Sources */ = {isa = PBXBuildFile; fileRef = 1933AF6F1EC4703D008001E4 /* AppDelegate.m */; };
		1933AF781EC4703D008001E4 /* Assets.xcassets in Resources */ = {isa = PBXBuildFile; fileRef = 1933AF771EC4703D008001E4 /* Assets.xcassets */; };
		1933AF7B1EC4703D008001E4 /* LaunchScreen.storyboard in Resources */ = {isa = PBXBuildFile; fileRef = 1933AF791EC4703D008001E4 /* LaunchScreen.storyboard */; };
		1933AF861EC4703D008001E4 /* ATMMapTests.m in Sources */ = {isa = PBXBuildFile; fileRef = 1933AF851EC4703D008001E4 /* ATMMapTests.m */; };
		1933AF911EC4703D008001E4 /* ATMMapUITests.m in Sources */ = {isa = PBXBuildFile; fileRef = 1933AF901EC4703D008001E4 /* ATMMapUITests.m */; };
		1933AFA01EC47075008001E4 /* MapKit.framework in Frameworks */ = {isa = PBXBuildFile; fileRef = 1933AF9F1EC47075008001E4 /* MapKit.framework */; };
		19F3B7601EC5FDA3006D610A /* AVGMapViewController.m in Sources */ = {isa = PBXBuildFile; fileRef = 19F3B75F1EC5FDA3006D610A /* AVGMapViewController.m */; };
		19F3B7631EC5FE00006D610A /* AVGATMTableViewController.m in Sources */ = {isa = PBXBuildFile; fileRef = 19F3B7621EC5FE00006D610A /* AVGATMTableViewController.m */; };
		19F3B7691EC5FEB5006D610A /* AVGATMService.m in Sources */ = {isa = PBXBuildFile; fileRef = 19F3B7681EC5FEB5006D610A /* AVGATMService.m */; };
		19F3B7741EC9EEEC006D610A /* AVGATM.m in Sources */ = {isa = PBXBuildFile; fileRef = 19F3B7731EC9EEEC006D610A /* AVGATM.m */; };
		19F3B7771ECA1FEE006D610A /* AVGMapAnnotation.m in Sources */ = {isa = PBXBuildFile; fileRef = 19F3B7761ECA1FEE006D610A /* AVGMapAnnotation.m */; };
		19F3B77D1ECB0D64006D610A /* sberbankLogo.png in Resources */ = {isa = PBXBuildFile; fileRef = 19F3B77C1ECB0D64006D610A /* sberbankLogo.png */; };
		19F3B77F1ECB1150006D610A /* route.png in Resources */ = {isa = PBXBuildFile; fileRef = 19F3B77E1ECB1150006D610A /* route.png */; };
		19F3B78A1ECCAC0B006D610A /* AVGATMCell.m in Sources */ = {isa = PBXBuildFile; fileRef = 19F3B7891ECCAC0B006D610A /* AVGATMCell.m */; };
		1C854E95688AEC905E6240EE /* libPods-ATMMap.a in Frameworks */ = {isa = PBXBuildFile; fileRef = 1E80B0BF0DC9B7E0087AC731 /* libPods-ATMMap.a */; };
/* End PBXBuildFile section */

/* Begin PBXContainerItemProxy section */
		1933AF821EC4703D008001E4 /* PBXContainerItemProxy */ = {
			isa = PBXContainerItemProxy;
			containerPortal = 1933AF601EC4703D008001E4 /* Project object */;
			proxyType = 1;
			remoteGlobalIDString = 1933AF671EC4703D008001E4;
			remoteInfo = ATMMap;
		};
		1933AF8D1EC4703D008001E4 /* PBXContainerItemProxy */ = {
			isa = PBXContainerItemProxy;
			containerPortal = 1933AF601EC4703D008001E4 /* Project object */;
			proxyType = 1;
			remoteGlobalIDString = 1933AF671EC4703D008001E4;
			remoteInfo = ATMMap;
		};
/* End PBXContainerItemProxy section */

/* Begin PBXFileReference section */
		192EF5E01ECDCEDD00743201 /* AVGTabBarController.h */ = {isa = PBXFileReference; fileEncoding = 4; lastKnownFileType = sourcecode.c.h; path = AVGTabBarController.h; sourceTree = "<group>"; };
		192EF5E11ECDCEDD00743201 /* AVGTabBarController.m */ = {isa = PBXFileReference; fileEncoding = 4; lastKnownFileType = sourcecode.c.objc; path = AVGTabBarController.m; sourceTree = "<group>"; };
		192EF5E51ECDD5FB00743201 /* UIView+MKAnnotationView.h */ = {isa = PBXFileReference; fileEncoding = 4; lastKnownFileType = sourcecode.c.h; path = "UIView+MKAnnotationView.h"; sourceTree = "<group>"; };
		192EF5E61ECDD5FB00743201 /* UIView+MKAnnotationView.m */ = {isa = PBXFileReference; fileEncoding = 4; lastKnownFileType = sourcecode.c.objc; path = "UIView+MKAnnotationView.m"; sourceTree = "<group>"; };
		1933AF681EC4703D008001E4 /* ATMMap.app */ = {isa = PBXFileReference; explicitFileType = wrapper.application; includeInIndex = 0; path = ATMMap.app; sourceTree = BUILT_PRODUCTS_DIR; };
		1933AF6C1EC4703D008001E4 /* main.m */ = {isa = PBXFileReference; lastKnownFileType = sourcecode.c.objc; path = main.m; sourceTree = "<group>"; };
		1933AF6E1EC4703D008001E4 /* AppDelegate.h */ = {isa = PBXFileReference; lastKnownFileType = sourcecode.c.h; path = AppDelegate.h; sourceTree = "<group>"; };
		1933AF6F1EC4703D008001E4 /* AppDelegate.m */ = {isa = PBXFileReference; lastKnownFileType = sourcecode.c.objc; path = AppDelegate.m; sourceTree = "<group>"; };
		1933AF771EC4703D008001E4 /* Assets.xcassets */ = {isa = PBXFileReference; lastKnownFileType = folder.assetcatalog; path = Assets.xcassets; sourceTree = "<group>"; };
		1933AF7A1EC4703D008001E4 /* Base */ = {isa = PBXFileReference; lastKnownFileType = file.storyboard; name = Base; path = Base.lproj/LaunchScreen.storyboard; sourceTree = "<group>"; };
		1933AF7C1EC4703D008001E4 /* Info.plist */ = {isa = PBXFileReference; lastKnownFileType = text.plist.xml; path = Info.plist; sourceTree = "<group>"; };
		1933AF811EC4703D008001E4 /* ATMMapTests.xctest */ = {isa = PBXFileReference; explicitFileType = wrapper.cfbundle; includeInIndex = 0; path = ATMMapTests.xctest; sourceTree = BUILT_PRODUCTS_DIR; };
		1933AF851EC4703D008001E4 /* ATMMapTests.m */ = {isa = PBXFileReference; lastKnownFileType = sourcecode.c.objc; path = ATMMapTests.m; sourceTree = "<group>"; };
		1933AF871EC4703D008001E4 /* Info.plist */ = {isa = PBXFileReference; lastKnownFileType = text.plist.xml; path = Info.plist; sourceTree = "<group>"; };
		1933AF8C1EC4703D008001E4 /* ATMMapUITests.xctest */ = {isa = PBXFileReference; explicitFileType = wrapper.cfbundle; includeInIndex = 0; path = ATMMapUITests.xctest; sourceTree = BUILT_PRODUCTS_DIR; };
		1933AF901EC4703D008001E4 /* ATMMapUITests.m */ = {isa = PBXFileReference; lastKnownFileType = sourcecode.c.objc; path = ATMMapUITests.m; sourceTree = "<group>"; };
		1933AF921EC4703D008001E4 /* Info.plist */ = {isa = PBXFileReference; lastKnownFileType = text.plist.xml; path = Info.plist; sourceTree = "<group>"; };
		1933AF9F1EC47075008001E4 /* MapKit.framework */ = {isa = PBXFileReference; lastKnownFileType = wrapper.framework; name = MapKit.framework; path = System/Library/Frameworks/MapKit.framework; sourceTree = SDKROOT; };
		19F3B75E1EC5FDA3006D610A /* AVGMapViewController.h */ = {isa = PBXFileReference; fileEncoding = 4; lastKnownFileType = sourcecode.c.h; path = AVGMapViewController.h; sourceTree = "<group>"; };
		19F3B75F1EC5FDA3006D610A /* AVGMapViewController.m */ = {isa = PBXFileReference; fileEncoding = 4; lastKnownFileType = sourcecode.c.objc; path = AVGMapViewController.m; sourceTree = "<group>"; };
		19F3B7611EC5FE00006D610A /* AVGATMTableViewController.h */ = {isa = PBXFileReference; fileEncoding = 4; lastKnownFileType = sourcecode.c.h; path = AVGATMTableViewController.h; sourceTree = "<group>"; };
		19F3B7621EC5FE00006D610A /* AVGATMTableViewController.m */ = {isa = PBXFileReference; fileEncoding = 4; lastKnownFileType = sourcecode.c.objc; path = AVGATMTableViewController.m; sourceTree = "<group>"; };
		19F3B7671EC5FEB5006D610A /* AVGATMService.h */ = {isa = PBXFileReference; fileEncoding = 4; lastKnownFileType = sourcecode.c.h; path = AVGATMService.h; sourceTree = "<group>"; };
		19F3B7681EC5FEB5006D610A /* AVGATMService.m */ = {isa = PBXFileReference; fileEncoding = 4; lastKnownFileType = sourcecode.c.objc; path = AVGATMService.m; sourceTree = "<group>"; };
		19F3B76D1EC60EFE006D610A /* AVGATMManager.h */ = {isa = PBXFileReference; fileEncoding = 4; lastKnownFileType = sourcecode.c.h; path = AVGATMManager.h; sourceTree = "<group>"; };
		19F3B7721EC9EEEC006D610A /* AVGATM.h */ = {isa = PBXFileReference; fileEncoding = 4; lastKnownFileType = sourcecode.c.h; path = AVGATM.h; sourceTree = "<group>"; };
		19F3B7731EC9EEEC006D610A /* AVGATM.m */ = {isa = PBXFileReference; fileEncoding = 4; lastKnownFileType = sourcecode.c.objc; path = AVGATM.m; sourceTree = "<group>"; };
		19F3B7751ECA1FEE006D610A /* AVGMapAnnotation.h */ = {isa = PBXFileReference; fileEncoding = 4; lastKnownFileType = sourcecode.c.h; path = AVGMapAnnotation.h; sourceTree = "<group>"; };
		19F3B7761ECA1FEE006D610A /* AVGMapAnnotation.m */ = {isa = PBXFileReference; fileEncoding = 4; lastKnownFileType = sourcecode.c.objc; path = AVGMapAnnotation.m; sourceTree = "<group>"; };
		19F3B77C1ECB0D64006D610A /* sberbankLogo.png */ = {isa = PBXFileReference; lastKnownFileType = image.png; path = sberbankLogo.png; sourceTree = "<group>"; };
		19F3B77E1ECB1150006D610A /* route.png */ = {isa = PBXFileReference; lastKnownFileType = image.png; path = route.png; sourceTree = "<group>"; };
		19F3B7801ECBC0D9006D610A /* ATMMap-Prefix.pch */ = {isa = PBXFileReference; lastKnownFileType = sourcecode.c.h; path = "ATMMap-Prefix.pch"; sourceTree = "<group>"; };
		19F3B7881ECCAC0B006D610A /* AVGATMCell.h */ = {isa = PBXFileReference; fileEncoding = 4; lastKnownFileType = sourcecode.c.h; path = AVGATMCell.h; sourceTree = "<group>"; };
		19F3B7891ECCAC0B006D610A /* AVGATMCell.m */ = {isa = PBXFileReference; fileEncoding = 4; lastKnownFileType = sourcecode.c.objc; path = AVGATMCell.m; sourceTree = "<group>"; };
		1E80B0BF0DC9B7E0087AC731 /* libPods-ATMMap.a */ = {isa = PBXFileReference; explicitFileType = archive.ar; includeInIndex = 0; path = "libPods-ATMMap.a"; sourceTree = BUILT_PRODUCTS_DIR; };
		53A06D2E78332F234347C389 /* Pods-ATMMap.release.xcconfig */ = {isa = PBXFileReference; includeInIndex = 1; lastKnownFileType = text.xcconfig; name = "Pods-ATMMap.release.xcconfig"; path = "Pods/Target Support Files/Pods-ATMMap/Pods-ATMMap.release.xcconfig"; sourceTree = "<group>"; };
		6A4678DFB9770A0998E0B0B2 /* Pods-ATMMap.debug.xcconfig */ = {isa = PBXFileReference; includeInIndex = 1; lastKnownFileType = text.xcconfig; name = "Pods-ATMMap.debug.xcconfig"; path = "Pods/Target Support Files/Pods-ATMMap/Pods-ATMMap.debug.xcconfig"; sourceTree = "<group>"; };
/* End PBXFileReference section */

/* Begin PBXFrameworksBuildPhase section */
		1933AF651EC4703D008001E4 /* Frameworks */ = {
			isa = PBXFrameworksBuildPhase;
			buildActionMask = 2147483647;
			files = (
				1933AFA01EC47075008001E4 /* MapKit.framework in Frameworks */,
				1C854E95688AEC905E6240EE /* libPods-ATMMap.a in Frameworks */,
			);
			runOnlyForDeploymentPostprocessing = 0;
		};
		1933AF7E1EC4703D008001E4 /* Frameworks */ = {
			isa = PBXFrameworksBuildPhase;
			buildActionMask = 2147483647;
			files = (
			);
			runOnlyForDeploymentPostprocessing = 0;
		};
		1933AF891EC4703D008001E4 /* Frameworks */ = {
			isa = PBXFrameworksBuildPhase;
			buildActionMask = 2147483647;
			files = (
			);
			runOnlyForDeploymentPostprocessing = 0;
		};
/* End PBXFrameworksBuildPhase section */

/* Begin PBXGroup section */
		192EF5E31ECDCEE300743201 /* TabBar */ = {
			isa = PBXGroup;
			children = (
				192EF5E01ECDCEDD00743201 /* AVGTabBarController.h */,
				19F3B75D1EC5FD5A006D610A /* Table */,
				19F3B75C1EC5FD4C006D610A /* Map */,
			);
			name = TabBar;
			sourceTree = "<group>";
		};
		192EF5E41ECDD5BC00743201 /* Categories */ = {
			isa = PBXGroup;
			children = (
				192EF5E51ECDD5FB00743201 /* UIView+MKAnnotationView.h */,
				192EF5E61ECDD5FB00743201 /* UIView+MKAnnotationView.m */,
			);
			name = Categories;
			sourceTree = "<group>";
		};
		1933AF5F1EC4703D008001E4 = {
			isa = PBXGroup;
			children = (
				1933AF6A1EC4703D008001E4 /* ATMMap */,
				1933AF841EC4703D008001E4 /* ATMMapTests */,
				1933AF8F1EC4703D008001E4 /* ATMMapUITests */,
				1933AF691EC4703D008001E4 /* Products */,
				1933AF9E1EC47075008001E4 /* Frameworks */,
				BD89E748093BBBC6387D8016 /* Pods */,
			);
			sourceTree = "<group>";
		};
		1933AF691EC4703D008001E4 /* Products */ = {
			isa = PBXGroup;
			children = (
				1933AF681EC4703D008001E4 /* ATMMap.app */,
				1933AF811EC4703D008001E4 /* ATMMapTests.xctest */,
				1933AF8C1EC4703D008001E4 /* ATMMapUITests.xctest */,
			);
			name = Products;
			sourceTree = "<group>";
		};
		1933AF6A1EC4703D008001E4 /* ATMMap */ = {
			isa = PBXGroup;
			children = (
				192EF5E41ECDD5BC00743201 /* Categories */,
				1933AFA11EC470B2008001E4 /* Model */,
				1933AFA21EC470BC008001E4 /* View */,
				1933AFA31EC470C3008001E4 /* Controller */,
				1933AF6E1EC4703D008001E4 /* AppDelegate.h */,
				1933AF6F1EC4703D008001E4 /* AppDelegate.m */,
				1933AF771EC4703D008001E4 /* Assets.xcassets */,
				1933AF791EC4703D008001E4 /* LaunchScreen.storyboard */,
				1933AF7C1EC4703D008001E4 /* Info.plist */,
				1933AF6B1EC4703D008001E4 /* Supporting Files */,
			);
			path = ATMMap;
			sourceTree = "<group>";
		};
		1933AF6B1EC4703D008001E4 /* Supporting Files */ = {
			isa = PBXGroup;
			children = (
				19F3B7781ECA5269006D610A /* Images */,
				19F3B7801ECBC0D9006D610A /* ATMMap-Prefix.pch */,
				1933AF6C1EC4703D008001E4 /* main.m */,
			);
			name = "Supporting Files";
			sourceTree = "<group>";
		};
		1933AF841EC4703D008001E4 /* ATMMapTests */ = {
			isa = PBXGroup;
			children = (
				1933AF851EC4703D008001E4 /* ATMMapTests.m */,
				1933AF871EC4703D008001E4 /* Info.plist */,
			);
			path = ATMMapTests;
			sourceTree = "<group>";
		};
		1933AF8F1EC4703D008001E4 /* ATMMapUITests */ = {
			isa = PBXGroup;
			children = (
				1933AF901EC4703D008001E4 /* ATMMapUITests.m */,
				1933AF921EC4703D008001E4 /* Info.plist */,
			);
			path = ATMMapUITests;
			sourceTree = "<group>";
		};
		1933AF9E1EC47075008001E4 /* Frameworks */ = {
			isa = PBXGroup;
			children = (
				1933AF9F1EC47075008001E4 /* MapKit.framework */,
				1E80B0BF0DC9B7E0087AC731 /* libPods-ATMMap.a */,
			);
			name = Frameworks;
			sourceTree = "<group>";
		};
		1933AFA11EC470B2008001E4 /* Model */ = {
			isa = PBXGroup;
			children = (
				19F3B7641EC5FE38006D610A /* Service */,
				19F3B7711EC9EE70006D610A /* ATM */,
				19F3B7821ECC6E4E006D610A /* MapAnnotation */,
			);
			name = Model;
			sourceTree = "<group>";
		};
		1933AFA21EC470BC008001E4 /* View */ = {
			isa = PBXGroup;
			children = (
				19F3B7871ECCABE0006D610A /* Cell */,
			);
			name = View;
			sourceTree = "<group>";
		};
		1933AFA31EC470C3008001E4 /* Controller */ = {
			isa = PBXGroup;
			children = (
				192EF5E31ECDCEE300743201 /* TabBar */,
			);
			name = Controller;
			sourceTree = "<group>";
		};
		19F3B75C1EC5FD4C006D610A /* Map */ = {
			isa = PBXGroup;
			children = (
				19F3B75E1EC5FDA3006D610A /* AVGMapViewController.h */,
				19F3B75F1EC5FDA3006D610A /* AVGMapViewController.m */,
			);
			name = Map;
			sourceTree = "<group>";
		};
		19F3B75D1EC5FD5A006D610A /* Table */ = {
			isa = PBXGroup;
			children = (
				19F3B7611EC5FE00006D610A /* AVGATMTableViewController.h */,
				19F3B7621EC5FE00006D610A /* AVGATMTableViewController.m */,
			);
			name = Table;
			sourceTree = "<group>";
		};
		19F3B7641EC5FE38006D610A /* Service */ = {
			isa = PBXGroup;
			children = (
				19F3B76D1EC60EFE006D610A /* AVGATMManager.h */,
				19F3B7651EC5FE46006D610A /* Google ATM */,
			);
			name = Service;
			sourceTree = "<group>";
		};
		19F3B7651EC5FE46006D610A /* Google ATM */ = {
			isa = PBXGroup;
			children = (
				19F3B7671EC5FEB5006D610A /* AVGATMService.h */,
				19F3B7681EC5FEB5006D610A /* AVGATMService.m */,
			);
			name = "Google ATM";
			sourceTree = "<group>";
		};
		19F3B7711EC9EE70006D610A /* ATM */ = {
			isa = PBXGroup;
			children = (
				19F3B7721EC9EEEC006D610A /* AVGATM.h */,
				19F3B7731EC9EEEC006D610A /* AVGATM.m */,
			);
			name = ATM;
			sourceTree = "<group>";
		};
		19F3B7781ECA5269006D610A /* Images */ = {
			isa = PBXGroup;
			children = (
				19F3B77E1ECB1150006D610A /* route.png */,
				19F3B7791ECA5271006D610A /* SberbankLogo */,
			);
			name = Images;
			sourceTree = "<group>";
		};
		19F3B7791ECA5271006D610A /* SberbankLogo */ = {
			isa = PBXGroup;
			children = (
				19F3B77C1ECB0D64006D610A /* sberbankLogo.png */,
			);
			name = SberbankLogo;
			sourceTree = "<group>";
		};
		19F3B7821ECC6E4E006D610A /* MapAnnotation */ = {
			isa = PBXGroup;
			children = (
				19F3B7751ECA1FEE006D610A /* AVGMapAnnotation.h */,
				19F3B7761ECA1FEE006D610A /* AVGMapAnnotation.m */,
			);
			name = MapAnnotation;
			sourceTree = "<group>";
		};
		19F3B7871ECCABE0006D610A /* Cell */ = {
			isa = PBXGroup;
			children = (
				19F3B7881ECCAC0B006D610A /* AVGATMCell.h */,
				19F3B7891ECCAC0B006D610A /* AVGATMCell.m */,
			);
			name = Cell;
			sourceTree = "<group>";
		};
		BD89E748093BBBC6387D8016 /* Pods */ = {
			isa = PBXGroup;
			children = (
				6A4678DFB9770A0998E0B0B2 /* Pods-ATMMap.debug.xcconfig */,
				53A06D2E78332F234347C389 /* Pods-ATMMap.release.xcconfig */,
			);
			name = Pods;
			sourceTree = "<group>";
		};
/* End PBXGroup section */

/* Begin PBXNativeTarget section */
		1933AF671EC4703D008001E4 /* ATMMap */ = {
			isa = PBXNativeTarget;
			buildConfigurationList = 1933AF951EC4703D008001E4 /* Build configuration list for PBXNativeTarget "ATMMap" */;
			buildPhases = (
				E8C27E823B1A7F3D7C4FEAC8 /* [CP] Check Pods Manifest.lock */,
				1933AF641EC4703D008001E4 /* Sources */,
				1933AF651EC4703D008001E4 /* Frameworks */,
				1933AF661EC4703D008001E4 /* Resources */,
				D3CDAD4C57B2F4D6DB95006B /* [CP] Embed Pods Frameworks */,
				A9C35453470E87C9C89A9D75 /* [CP] Copy Pods Resources */,
			);
			buildRules = (
			);
			dependencies = (
			);
			name = ATMMap;
			productName = ATMMap;
			productReference = 1933AF681EC4703D008001E4 /* ATMMap.app */;
			productType = "com.apple.product-type.application";
		};
		1933AF801EC4703D008001E4 /* ATMMapTests */ = {
			isa = PBXNativeTarget;
			buildConfigurationList = 1933AF981EC4703D008001E4 /* Build configuration list for PBXNativeTarget "ATMMapTests" */;
			buildPhases = (
				1933AF7D1EC4703D008001E4 /* Sources */,
				1933AF7E1EC4703D008001E4 /* Frameworks */,
				1933AF7F1EC4703D008001E4 /* Resources */,
			);
			buildRules = (
			);
			dependencies = (
				1933AF831EC4703D008001E4 /* PBXTargetDependency */,
			);
			name = ATMMapTests;
			productName = ATMMapTests;
			productReference = 1933AF811EC4703D008001E4 /* ATMMapTests.xctest */;
			productType = "com.apple.product-type.bundle.unit-test";
		};
		1933AF8B1EC4703D008001E4 /* ATMMapUITests */ = {
			isa = PBXNativeTarget;
			buildConfigurationList = 1933AF9B1EC4703D008001E4 /* Build configuration list for PBXNativeTarget "ATMMapUITests" */;
			buildPhases = (
				1933AF881EC4703D008001E4 /* Sources */,
				1933AF891EC4703D008001E4 /* Frameworks */,
				1933AF8A1EC4703D008001E4 /* Resources */,
			);
			buildRules = (
			);
			dependencies = (
				1933AF8E1EC4703D008001E4 /* PBXTargetDependency */,
			);
			name = ATMMapUITests;
			productName = ATMMapUITests;
			productReference = 1933AF8C1EC4703D008001E4 /* ATMMapUITests.xctest */;
			productType = "com.apple.product-type.bundle.ui-testing";
		};
/* End PBXNativeTarget section */

/* Begin PBXProject section */
		1933AF601EC4703D008001E4 /* Project object */ = {
			isa = PBXProject;
			attributes = {
				LastUpgradeCheck = 0830;
				ORGANIZATIONNAME = A.V.;
				TargetAttributes = {
					1933AF671EC4703D008001E4 = {
						CreatedOnToolsVersion = 8.3.2;
						DevelopmentTeam = Z48WYVF59J;
						ProvisioningStyle = Automatic;
					};
					1933AF801EC4703D008001E4 = {
						CreatedOnToolsVersion = 8.3.2;
						DevelopmentTeam = Z48WYVF59J;
						ProvisioningStyle = Automatic;
						TestTargetID = 1933AF671EC4703D008001E4;
					};
					1933AF8B1EC4703D008001E4 = {
						CreatedOnToolsVersion = 8.3.2;
						DevelopmentTeam = Z48WYVF59J;
						ProvisioningStyle = Automatic;
						TestTargetID = 1933AF671EC4703D008001E4;
					};
				};
			};
			buildConfigurationList = 1933AF631EC4703D008001E4 /* Build configuration list for PBXProject "ATMMap" */;
			compatibilityVersion = "Xcode 3.2";
			developmentRegion = English;
			hasScannedForEncodings = 0;
			knownRegions = (
				en,
				Base,
			);
			mainGroup = 1933AF5F1EC4703D008001E4;
			productRefGroup = 1933AF691EC4703D008001E4 /* Products */;
			projectDirPath = "";
			projectRoot = "";
			targets = (
				1933AF671EC4703D008001E4 /* ATMMap */,
				1933AF801EC4703D008001E4 /* ATMMapTests */,
				1933AF8B1EC4703D008001E4 /* ATMMapUITests */,
			);
		};
/* End PBXProject section */

/* Begin PBXResourcesBuildPhase section */
		1933AF661EC4703D008001E4 /* Resources */ = {
			isa = PBXResourcesBuildPhase;
			buildActionMask = 2147483647;
			files = (
				19F3B77F1ECB1150006D610A /* route.png in Resources */,
				1933AF7B1EC4703D008001E4 /* LaunchScreen.storyboard in Resources */,
				1933AF781EC4703D008001E4 /* Assets.xcassets in Resources */,
				19F3B77D1ECB0D64006D610A /* sberbankLogo.png in Resources */,
			);
			runOnlyForDeploymentPostprocessing = 0;
		};
		1933AF7F1EC4703D008001E4 /* Resources */ = {
			isa = PBXResourcesBuildPhase;
			buildActionMask = 2147483647;
			files = (
			);
			runOnlyForDeploymentPostprocessing = 0;
		};
		1933AF8A1EC4703D008001E4 /* Resources */ = {
			isa = PBXResourcesBuildPhase;
			buildActionMask = 2147483647;
			files = (
			);
			runOnlyForDeploymentPostprocessing = 0;
		};
/* End PBXResourcesBuildPhase section */

/* Begin PBXShellScriptBuildPhase section */
		A9C35453470E87C9C89A9D75 /* [CP] Copy Pods Resources */ = {
			isa = PBXShellScriptBuildPhase;
			buildActionMask = 2147483647;
			files = (
			);
			inputPaths = (
			);
			name = "[CP] Copy Pods Resources";
			outputPaths = (
			);
			runOnlyForDeploymentPostprocessing = 0;
			shellPath = /bin/sh;
			shellScript = "\"${SRCROOT}/Pods/Target Support Files/Pods-ATMMap/Pods-ATMMap-resources.sh\"\n";
			showEnvVarsInLog = 0;
		};
		D3CDAD4C57B2F4D6DB95006B /* [CP] Embed Pods Frameworks */ = {
			isa = PBXShellScriptBuildPhase;
			buildActionMask = 2147483647;
			files = (
			);
			inputPaths = (
			);
			name = "[CP] Embed Pods Frameworks";
			outputPaths = (
			);
			runOnlyForDeploymentPostprocessing = 0;
			shellPath = /bin/sh;
			shellScript = "\"${SRCROOT}/Pods/Target Support Files/Pods-ATMMap/Pods-ATMMap-frameworks.sh\"\n";
			showEnvVarsInLog = 0;
		};
		E8C27E823B1A7F3D7C4FEAC8 /* [CP] Check Pods Manifest.lock */ = {
			isa = PBXShellScriptBuildPhase;
			buildActionMask = 2147483647;
			files = (
			);
			inputPaths = (
			);
			name = "[CP] Check Pods Manifest.lock";
			outputPaths = (
			);
			runOnlyForDeploymentPostprocessing = 0;
			shellPath = /bin/sh;
			shellScript = "diff \"${PODS_ROOT}/../Podfile.lock\" \"${PODS_ROOT}/Manifest.lock\" > /dev/null\nif [ $? != 0 ] ; then\n    # print error to STDERR\n    echo \"error: The sandbox is not in sync with the Podfile.lock. Run 'pod install' or update your CocoaPods installation.\" >&2\n    exit 1\nfi\n";
			showEnvVarsInLog = 0;
		};
/* End PBXShellScriptBuildPhase section */

/* Begin PBXSourcesBuildPhase section */
		1933AF641EC4703D008001E4 /* Sources */ = {
			isa = PBXSourcesBuildPhase;
			buildActionMask = 2147483647;
			files = (
				192EF5E21ECDCEDD00743201 /* AVGTabBarController.m in Sources */,
				19F3B7741EC9EEEC006D610A /* AVGATM.m in Sources */,
				192EF5E71ECDD5FB00743201 /* UIView+MKAnnotationView.m in Sources */,
				1933AF701EC4703D008001E4 /* AppDelegate.m in Sources */,
				19F3B7631EC5FE00006D610A /* AVGATMTableViewController.m in Sources */,
				19F3B7771ECA1FEE006D610A /* AVGMapAnnotation.m in Sources */,
				1933AF6D1EC4703D008001E4 /* main.m in Sources */,
				19F3B7601EC5FDA3006D610A /* AVGMapViewController.m in Sources */,
				19F3B7691EC5FEB5006D610A /* AVGATMService.m in Sources */,
				19F3B78A1ECCAC0B006D610A /* AVGATMCell.m in Sources */,
			);
			runOnlyForDeploymentPostprocessing = 0;
		};
		1933AF7D1EC4703D008001E4 /* Sources */ = {
			isa = PBXSourcesBuildPhase;
			buildActionMask = 2147483647;
			files = (
				1933AF861EC4703D008001E4 /* ATMMapTests.m in Sources */,
			);
			runOnlyForDeploymentPostprocessing = 0;
		};
		1933AF881EC4703D008001E4 /* Sources */ = {
			isa = PBXSourcesBuildPhase;
			buildActionMask = 2147483647;
			files = (
				1933AF911EC4703D008001E4 /* ATMMapUITests.m in Sources */,
			);
			runOnlyForDeploymentPostprocessing = 0;
		};
/* End PBXSourcesBuildPhase section */

/* Begin PBXTargetDependency section */
		1933AF831EC4703D008001E4 /* PBXTargetDependency */ = {
			isa = PBXTargetDependency;
			target = 1933AF671EC4703D008001E4 /* ATMMap */;
			targetProxy = 1933AF821EC4703D008001E4 /* PBXContainerItemProxy */;
		};
		1933AF8E1EC4703D008001E4 /* PBXTargetDependency */ = {
			isa = PBXTargetDependency;
			target = 1933AF671EC4703D008001E4 /* ATMMap */;
			targetProxy = 1933AF8D1EC4703D008001E4 /* PBXContainerItemProxy */;
		};
/* End PBXTargetDependency section */

/* Begin PBXVariantGroup section */
		1933AF791EC4703D008001E4 /* LaunchScreen.storyboard */ = {
			isa = PBXVariantGroup;
			children = (
				1933AF7A1EC4703D008001E4 /* Base */,
			);
			name = LaunchScreen.storyboard;
			sourceTree = "<group>";
		};
/* End PBXVariantGroup section */

/* Begin XCBuildConfiguration section */
		1933AF931EC4703D008001E4 /* Debug */ = {
			isa = XCBuildConfiguration;
			buildSettings = {
				ALWAYS_SEARCH_USER_PATHS = NO;
				CLANG_ANALYZER_NONNULL = YES;
				CLANG_ANALYZER_NUMBER_OBJECT_CONVERSION = YES_AGGRESSIVE;
				CLANG_CXX_LANGUAGE_STANDARD = "gnu++0x";
				CLANG_CXX_LIBRARY = "libc++";
				CLANG_ENABLE_MODULES = YES;
				CLANG_ENABLE_OBJC_ARC = YES;
				CLANG_WARN_BOOL_CONVERSION = YES;
				CLANG_WARN_CONSTANT_CONVERSION = YES;
				CLANG_WARN_DIRECT_OBJC_ISA_USAGE = YES_ERROR;
				CLANG_WARN_DOCUMENTATION_COMMENTS = YES;
				CLANG_WARN_EMPTY_BODY = YES;
				CLANG_WARN_ENUM_CONVERSION = YES;
				CLANG_WARN_INFINITE_RECURSION = YES;
				CLANG_WARN_INT_CONVERSION = YES;
				CLANG_WARN_OBJC_ROOT_CLASS = YES_ERROR;
				CLANG_WARN_SUSPICIOUS_MOVE = YES;
				CLANG_WARN_UNREACHABLE_CODE = YES;
				CLANG_WARN__DUPLICATE_METHOD_MATCH = YES;
				"CODE_SIGN_IDENTITY[sdk=iphoneos*]" = "iPhone Developer";
				COPY_PHASE_STRIP = NO;
				DEBUG_INFORMATION_FORMAT = dwarf;
				ENABLE_STRICT_OBJC_MSGSEND = YES;
				ENABLE_TESTABILITY = YES;
				GCC_C_LANGUAGE_STANDARD = gnu99;
				GCC_DYNAMIC_NO_PIC = NO;
				GCC_NO_COMMON_BLOCKS = YES;
				GCC_OPTIMIZATION_LEVEL = 0;
				GCC_PREPROCESSOR_DEFINITIONS = (
					"DEBUG=1",
					"$(inherited)",
				);
				GCC_WARN_64_TO_32_BIT_CONVERSION = YES;
				GCC_WARN_ABOUT_RETURN_TYPE = YES_ERROR;
				GCC_WARN_UNDECLARED_SELECTOR = YES;
				GCC_WARN_UNINITIALIZED_AUTOS = YES_AGGRESSIVE;
				GCC_WARN_UNUSED_FUNCTION = YES;
				GCC_WARN_UNUSED_VARIABLE = YES;
				IPHONEOS_DEPLOYMENT_TARGET = 10.3;
				MTL_ENABLE_DEBUG_INFO = YES;
				ONLY_ACTIVE_ARCH = YES;
				SDKROOT = iphoneos;
			};
			name = Debug;
		};
		1933AF941EC4703D008001E4 /* Release */ = {
			isa = XCBuildConfiguration;
			buildSettings = {
				ALWAYS_SEARCH_USER_PATHS = NO;
				CLANG_ANALYZER_NONNULL = YES;
				CLANG_ANALYZER_NUMBER_OBJECT_CONVERSION = YES_AGGRESSIVE;
				CLANG_CXX_LANGUAGE_STANDARD = "gnu++0x";
				CLANG_CXX_LIBRARY = "libc++";
				CLANG_ENABLE_MODULES = YES;
				CLANG_ENABLE_OBJC_ARC = YES;
				CLANG_WARN_BOOL_CONVERSION = YES;
				CLANG_WARN_CONSTANT_CONVERSION = YES;
				CLANG_WARN_DIRECT_OBJC_ISA_USAGE = YES_ERROR;
				CLANG_WARN_DOCUMENTATION_COMMENTS = YES;
				CLANG_WARN_EMPTY_BODY = YES;
				CLANG_WARN_ENUM_CONVERSION = YES;
				CLANG_WARN_INFINITE_RECURSION = YES;
				CLANG_WARN_INT_CONVERSION = YES;
				CLANG_WARN_OBJC_ROOT_CLASS = YES_ERROR;
				CLANG_WARN_SUSPICIOUS_MOVE = YES;
				CLANG_WARN_UNREACHABLE_CODE = YES;
				CLANG_WARN__DUPLICATE_METHOD_MATCH = YES;
				"CODE_SIGN_IDENTITY[sdk=iphoneos*]" = "iPhone Developer";
				COPY_PHASE_STRIP = NO;
				DEBUG_INFORMATION_FORMAT = "dwarf-with-dsym";
				ENABLE_NS_ASSERTIONS = NO;
				ENABLE_STRICT_OBJC_MSGSEND = YES;
				GCC_C_LANGUAGE_STANDARD = gnu99;
				GCC_NO_COMMON_BLOCKS = YES;
				GCC_WARN_64_TO_32_BIT_CONVERSION = YES;
				GCC_WARN_ABOUT_RETURN_TYPE = YES_ERROR;
				GCC_WARN_UNDECLARED_SELECTOR = YES;
				GCC_WARN_UNINITIALIZED_AUTOS = YES_AGGRESSIVE;
				GCC_WARN_UNUSED_FUNCTION = YES;
				GCC_WARN_UNUSED_VARIABLE = YES;
				IPHONEOS_DEPLOYMENT_TARGET = 10.3;
				MTL_ENABLE_DEBUG_INFO = NO;
				SDKROOT = iphoneos;
				VALIDATE_PRODUCT = YES;
			};
			name = Release;
		};
		1933AF961EC4703D008001E4 /* Debug */ = {
			isa = XCBuildConfiguration;
			baseConfigurationReference = 6A4678DFB9770A0998E0B0B2 /* Pods-ATMMap.debug.xcconfig */;
			buildSettings = {
				ASSETCATALOG_COMPILER_APPICON_NAME = AppIcon;
				DEVELOPMENT_TEAM = Z48WYVF59J;
				GCC_PRECOMPILE_PREFIX_HEADER = YES;
				GCC_PREFIX_HEADER = "ATMMap/ATMMap-Prefix.pch";
				INFOPLIST_FILE = ATMMap/Info.plist;
				LD_RUNPATH_SEARCH_PATHS = "$(inherited) @executable_path/Frameworks";
				PRODUCT_BUNDLE_IDENTIFIER = com.aivar.vucins.ATMMap;
				PRODUCT_NAME = "$(TARGET_NAME)";
			};
			name = Debug;
		};
		1933AF971EC4703D008001E4 /* Release */ = {
			isa = XCBuildConfiguration;
			baseConfigurationReference = 53A06D2E78332F234347C389 /* Pods-ATMMap.release.xcconfig */;
			buildSettings = {
				ASSETCATALOG_COMPILER_APPICON_NAME = AppIcon;
				DEVELOPMENT_TEAM = Z48WYVF59J;
				GCC_PRECOMPILE_PREFIX_HEADER = YES;
				GCC_PREFIX_HEADER = "ATMMap/ATMMap-Prefix.pch";
				INFOPLIST_FILE = ATMMap/Info.plist;
				LD_RUNPATH_SEARCH_PATHS = "$(inherited) @executable_path/Frameworks";
				PRODUCT_BUNDLE_IDENTIFIER = com.aivar.vucins.ATMMap;
				PRODUCT_NAME = "$(TARGET_NAME)";
			};
			name = Release;
		};
		1933AF991EC4703D008001E4 /* Debug */ = {
			isa = XCBuildConfiguration;
			buildSettings = {
				BUNDLE_LOADER = "$(TEST_HOST)";
				DEVELOPMENT_TEAM = Z48WYVF59J;
				INFOPLIST_FILE = ATMMapTests/Info.plist;
				LD_RUNPATH_SEARCH_PATHS = "$(inherited) @executable_path/Frameworks @loader_path/Frameworks";
				PRODUCT_BUNDLE_IDENTIFIER = com.aivar.vucins.ATMMapTests;
				PRODUCT_NAME = "$(TARGET_NAME)";
				TEST_HOST = "$(BUILT_PRODUCTS_DIR)/ATMMap.app/ATMMap";
			};
			name = Debug;
		};
		1933AF9A1EC4703D008001E4 /* Release */ = {
			isa = XCBuildConfiguration;
			buildSettings = {
				BUNDLE_LOADER = "$(TEST_HOST)";
				DEVELOPMENT_TEAM = Z48WYVF59J;
				INFOPLIST_FILE = ATMMapTests/Info.plist;
				LD_RUNPATH_SEARCH_PATHS = "$(inherited) @executable_path/Frameworks @loader_path/Frameworks";
				PRODUCT_BUNDLE_IDENTIFIER = com.aivar.vucins.ATMMapTests;
				PRODUCT_NAME = "$(TARGET_NAME)";
				TEST_HOST = "$(BUILT_PRODUCTS_DIR)/ATMMap.app/ATMMap";
			};
			name = Release;
		};
		1933AF9C1EC4703D008001E4 /* Debug */ = {
			isa = XCBuildConfiguration;
			buildSettings = {
				DEVELOPMENT_TEAM = Z48WYVF59J;
				INFOPLIST_FILE = ATMMapUITests/Info.plist;
				LD_RUNPATH_SEARCH_PATHS = "$(inherited) @executable_path/Frameworks @loader_path/Frameworks";
				PRODUCT_BUNDLE_IDENTIFIER = com.aivar.vucins.ATMMapUITests;
				PRODUCT_NAME = "$(TARGET_NAME)";
				TEST_TARGET_NAME = ATMMap;
			};
			name = Debug;
		};
		1933AF9D1EC4703D008001E4 /* Release */ = {
			isa = XCBuildConfiguration;
			buildSettings = {
				DEVELOPMENT_TEAM = Z48WYVF59J;
				INFOPLIST_FILE = ATMMapUITests/Info.plist;
				LD_RUNPATH_SEARCH_PATHS = "$(inherited) @executable_path/Frameworks @loader_path/Frameworks";
				PRODUCT_BUNDLE_IDENTIFIER = com.aivar.vucins.ATMMapUITests;
				PRODUCT_NAME = "$(TARGET_NAME)";
				TEST_TARGET_NAME = ATMMap;
			};
			name = Release;
		};
/* End XCBuildConfiguration section */

/* Begin XCConfigurationList section */
		1933AF631EC4703D008001E4 /* Build configuration list for PBXProject "ATMMap" */ = {
			isa = XCConfigurationList;
			buildConfigurations = (
				1933AF931EC4703D008001E4 /* Debug */,
				1933AF941EC4703D008001E4 /* Release */,
			);
			defaultConfigurationIsVisible = 0;
			defaultConfigurationName = Release;
		};
		1933AF951EC4703D008001E4 /* Build configuration list for PBXNativeTarget "ATMMap" */ = {
			isa = XCConfigurationList;
			buildConfigurations = (
				1933AF961EC4703D008001E4 /* Debug */,
				1933AF971EC4703D008001E4 /* Release */,
			);
			defaultConfigurationIsVisible = 0;
			defaultConfigurationName = Release;
		};
		1933AF981EC4703D008001E4 /* Build configuration list for PBXNativeTarget "ATMMapTests" */ = {
			isa = XCConfigurationList;
			buildConfigurations = (
				1933AF991EC4703D008001E4 /* Debug */,
				1933AF9A1EC4703D008001E4 /* Release */,
			);
			defaultConfigurationIsVisible = 0;
			defaultConfigurationName = Release;
		};
		1933AF9B1EC4703D008001E4 /* Build configuration list for PBXNativeTarget "ATMMapUITests" */ = {
			isa = XCConfigurationList;
			buildConfigurations = (
				1933AF9C1EC4703D008001E4 /* Debug */,
				1933AF9D1EC4703D008001E4 /* Release */,
			);
			defaultConfigurationIsVisible = 0;
			defaultConfigurationName = Release;
		};
/* End XCConfigurationList section */
	};
	rootObject = 1933AF601EC4703D008001E4 /* Project object */;
}
